
Microsoft Visual Studio Solution File, Format Version 12.00
# Visual Studio 15
VisualStudioVersion = 15.0.27004.2005
MinimumVisualStudioVersion = 10.0.40219.1
Project("{FAE04EC0-301F-11D3-BF4B-00C04F79EFBC}") = "Finance", "Finance\Finance.csproj", "{BC35E84D-6E4C-4383-A956-13AC074824A5}"
EndProject
Project("{FAE04EC0-301F-11D3-BF4B-00C04F79EFBC}") = "ClassLibrary", "ClassLibrary\ClassLibrary.csproj", "{89AEE6F6-E120-4DA4-8C17-FB4F2C860815}"
EndProject
Project("{FAE04EC0-301F-11D3-BF4B-00C04F79EFBC}") = "Framework.MongoDB", "Framework.MongoDB\Framework.MongoDB.csproj", "{64C0579A-CF14-47ED-9700-76014528262F}"
EndProject
Project("{FAE04EC0-301F-11D3-BF4B-00C04F79EFBC}") = "Models", "Models\Models.csproj", "{DCFF51E5-AF42-472C-85F3-DEE235BE5690}"
EndProject
Global
	GlobalSection(SolutionConfigurationPlatforms) = preSolution
		Debug|Any CPU = Debug|Any CPU
		Release|Any CPU = Release|Any CPU
	EndGlobalSection
	GlobalSection(ProjectConfigurationPlatforms) = postSolution
		{BC35E84D-6E4C-4383-A956-13AC074824A5}.Debug|Any CPU.ActiveCfg = Debug|Any CPU
		{BC35E84D-6E4C-4383-A956-13AC074824A5}.Debug|Any CPU.Build.0 = Debug|Any CPU
		{BC35E84D-6E4C-4383-A956-13AC074824A5}.Release|Any CPU.ActiveCfg = Release|Any CPU
		{BC35E84D-6E4C-4383-A956-13AC074824A5}.Release|Any CPU.Build.0 = Release|Any CPU
		{89AEE6F6-E120-4DA4-8C17-FB4F2C860815}.Debug|Any CPU.ActiveCfg = Debug|Any CPU
		{89AEE6F6-E120-4DA4-8C17-FB4F2C860815}.Debug|Any CPU.Build.0 = Debug|Any CPU
		{89AEE6F6-E120-4DA4-8C17-FB4F2C860815}.Release|Any CPU.ActiveCfg = Release|Any CPU
		{89AEE6F6-E120-4DA4-8C17-FB4F2C860815}.Release|Any CPU.Build.0 = Release|Any CPU
		{64C0579A-CF14-47ED-9700-76014528262F}.Debug|Any CPU.ActiveCfg = Debug|Any CPU
		{64C0579A-CF14-47ED-9700-76014528262F}.Debug|Any CPU.Build.0 = Debug|Any CPU
		{64C0579A-CF14-47ED-9700-76014528262F}.Release|Any CPU.ActiveCfg = Release|Any CPU
		{64C0579A-CF14-47ED-9700-76014528262F}.Release|Any CPU.Build.0 = Release|Any CPU
		{DCFF51E5-AF42-472C-85F3-DEE235BE5690}.Debug|Any CPU.ActiveCfg = Debug|Any CPU
		{DCFF51E5-AF42-472C-85F3-DEE235BE5690}.Debug|Any CPU.Build.0 = Debug|Any CPU
		{DCFF51E5-AF42-472C-85F3-DEE235BE5690}.Release|Any CPU.ActiveCfg = Release|Any CPU
		{DCFF51E5-AF42-472C-85F3-DEE235BE5690}.Release|Any CPU.Build.0 = Release|Any CPU
	EndGlobalSection
	GlobalSection(SolutionProperties) = preSolution
		HideSolutionNode = FALSE
	EndGlobalSection
	GlobalSection(ExtensibilityGlobals) = postSolution
		SolutionGuid = {3C9ED3E9-711D-413D-ADB6-505DDBBE3CBA}
	EndGlobalSection
EndGlobal
